
Microsoft Visual Studio Solution File, Format Version 12.00
Project("{FAE04EC0-301F-11D3-BF4B-00C04F79EFBC}") = "ReadTimeEstimator", "ReadTimeEstimator\ReadTimeEstimator.csproj", "{5BF79E8F-4E31-4C3C-9C20-4B6FBB51A958}"
EndProject
Global
	GlobalSection(SolutionConfigurationPlatforms) = preSolution
		Debug|Any CPU = Debug|Any CPU
		Release|Any CPU = Release|Any CPU
	EndGlobalSection
	GlobalSection(ProjectConfigurationPlatforms) = postSolution
		{5BF79E8F-4E31-4C3C-9C20-4B6FBB51A958}.Debug|Any CPU.ActiveCfg = Debug|Any CPU
		{5BF79E8F-4E31-4C3C-9C20-4B6FBB51A958}.Debug|Any CPU.Build.0 = Debug|Any CPU
		{5BF79E8F-4E31-4C3C-9C20-4B6FBB51A958}.Release|Any CPU.ActiveCfg = Release|Any CPU
		{5BF79E8F-4E31-4C3C-9C20-4B6FBB51A958}.Release|Any CPU.Build.0 = Release|Any CPU
	EndGlobalSection
EndGlobal
